// !$*UTF8*$!
{
	archiveVersion = 1;
	classes = {
	};
	objectVersion = 46;
	objects = {

/* Begin PBXBuildFile section */
		A79ADBCD1F605F1500B7AB6A /* AppDelegate.swift in Sources */ = {isa = PBXBuildFile; fileRef = A79ADBCC1F605F1500B7AB6A /* AppDelegate.swift */; };
		A79ADBCF1F605F1500B7AB6A /* ViewController.swift in Sources */ = {isa = PBXBuildFile; fileRef = A79ADBCE1F605F1500B7AB6A /* ViewController.swift */; };
		A79ADBD21F605F1500B7AB6A /* Main.storyboard in Resources */ = {isa = PBXBuildFile; fileRef = A79ADBD01F605F1500B7AB6A /* Main.storyboard */; };
		A79ADBD51F605F1500B7AB6A /* XBourbon.xcdatamodeld in Sources */ = {isa = PBXBuildFile; fileRef = A79ADBD31F605F1500B7AB6A /* XBourbon.xcdatamodeld */; };
		A79ADBD71F605F1500B7AB6A /* Assets.xcassets in Resources */ = {isa = PBXBuildFile; fileRef = A79ADBD61F605F1500B7AB6A /* Assets.xcassets */; };
		A79ADBDA1F605F1500B7AB6A /* LaunchScreen.storyboard in Resources */ = {isa = PBXBuildFile; fileRef = A79ADBD81F605F1500B7AB6A /* LaunchScreen.storyboard */; };
/* End PBXBuildFile section */

/* Begin PBXFileReference section */
		A79ADBC91F605F1500B7AB6A /* XBourbon.app */ = {isa = PBXFileReference; explicitFileType = wrapper.application; includeInIndex = 0; path = XBourbon.app; sourceTree = BUILT_PRODUCTS_DIR; };
		A79ADBCC1F605F1500B7AB6A /* AppDelegate.swift */ = {isa = PBXFileReference; lastKnownFileType = sourcecode.swift; path = AppDelegate.swift; sourceTree = "<group>"; };
		A79ADBCE1F605F1500B7AB6A /* ViewController.swift */ = {isa = PBXFileReference; lastKnownFileType = sourcecode.swift; path = ViewController.swift; sourceTree = "<group>"; };
		A79ADBD11F605F1500B7AB6A /* Base */ = {isa = PBXFileReference; lastKnownFileType = file.storyboard; name = Base; path = Base.lproj/Main.storyboard; sourceTree = "<group>"; };
		A79ADBD41F605F1500B7AB6A /* XBourbon.xcdatamodel */ = {isa = PBXFileReference; lastKnownFileType = wrapper.xcdatamodel; path = XBourbon.xcdatamodel; sourceTree = "<group>"; };
		A79ADBD61F605F1500B7AB6A /* Assets.xcassets */ = {isa = PBXFileReference; lastKnownFileType = folder.assetcatalog; path = Assets.xcassets; sourceTree = "<group>"; };
		A79ADBD91F605F1500B7AB6A /* Base */ = {isa = PBXFileReference; lastKnownFileType = file.storyboard; name = Base; path = Base.lproj/LaunchScreen.storyboard; sourceTree = "<group>"; };
		A79ADBDB1F605F1500B7AB6A /* Info.plist */ = {isa = PBXFileReference; lastKnownFileType = text.plist.xml; path = Info.plist; sourceTree = "<group>"; };
/* End PBXFileReference section */

/* Begin PBXFrameworksBuildPhase section */
		A79ADBC61F605F1500B7AB6A /* Frameworks */ = {
			isa = PBXFrameworksBuildPhase;
			buildActionMask = 2147483647;
			files = (
			);
			runOnlyForDeploymentPostprocessing = 0;
		};
/* End PBXFrameworksBuildPhase section */

/* Begin PBXGroup section */
		A79ADBC01F605F1500B7AB6A = {
			isa = PBXGroup;
			children = (
				A79ADBCB1F605F1500B7AB6A /* XBourbon */,
				A79ADBCA1F605F1500B7AB6A /* Products */,
			);
			sourceTree = "<group>";
		};
		A79ADBCA1F605F1500B7AB6A /* Products */ = {
			isa = PBXGroup;
			children = (
				A79ADBC91F605F1500B7AB6A /* XBourbon.app */,
			);
			name = Products;
			sourceTree = "<group>";
		};
		A79ADBCB1F605F1500B7AB6A /* XBourbon */ = {
			isa = PBXGroup;
			children = (
				A79ADBCC1F605F1500B7AB6A /* AppDelegate.swift */,
				A79ADBCE1F605F1500B7AB6A /* ViewController.swift */,
				A79ADBD01F605F1500B7AB6A /* Main.storyboard */,
				A79ADBD61F605F1500B7AB6A /* Assets.xcassets */,
				A79ADBD81F605F1500B7AB6A /* LaunchScreen.storyboard */,
				A79ADBDB1F605F1500B7AB6A /* Info.plist */,
				A79ADBD31F605F1500B7AB6A /* XBourbon.xcdatamodeld */,
			);
			path = XBourbon;
			sourceTree = "<group>";
		};
/* End PBXGroup section */

/* Begin PBXNativeTarget section */
		A79ADBC81F605F1500B7AB6A /* XBourbon */ = {
			isa = PBXNativeTarget;
			buildConfigurationList = A79ADBDE1F605F1500B7AB6A /* Build configuration list for PBXNativeTarget "XBourbon" */;
			buildPhases = (
				A79ADBC51F605F1500B7AB6A /* Sources */,
				A79ADBC61F605F1500B7AB6A /* Frameworks */,
				A79ADBC71F605F1500B7AB6A /* Resources */,
			);
			buildRules = (
			);
			dependencies = (
			);
			name = XBourbon;
			productName = XBourbon;
			productReference = A79ADBC91F605F1500B7AB6A /* XBourbon.app */;
			productType = "com.apple.product-type.application";
		};
/* End PBXNativeTarget section */

/* Begin PBXProject section */
		A79ADBC11F605F1500B7AB6A /* Project object */ = {
			isa = PBXProject;
			attributes = {
				LastSwiftUpdateCheck = 0830;
				LastUpgradeCheck = 0830;
				ORGANIZATIONNAME = "Sean Zhang";
				TargetAttributes = {
					A79ADBC81F605F1500B7AB6A = {
						CreatedOnToolsVersion = 8.3.3;
						DevelopmentTeam = GDTG5SQZRN;
						ProvisioningStyle = Automatic;
					};
				};
			};
			buildConfigurationList = A79ADBC41F605F1500B7AB6A /* Build configuration list for PBXProject "XBourbon" */;
			compatibilityVersion = "Xcode 3.2";
			developmentRegion = English;
			hasScannedForEncodings = 0;
			knownRegions = (
				en,
				Base,
			);
			mainGroup = A79ADBC01F605F1500B7AB6A;
			productRefGroup = A79ADBCA1F605F1500B7AB6A /* Products */;
			projectDirPath = "";
			projectRoot = "";
			targets = (
				A79ADBC81F605F1500B7AB6A /* XBourbon */,
			);
		};
/* End PBXProject section */

/* Begin PBXResourcesBuildPhase section */
		A79ADBC71F605F1500B7AB6A /* Resources */ = {
			isa = PBXResourcesBuildPhase;
			buildActionMask = 2147483647;
			files = (
				A79ADBDA1F605F1500B7AB6A /* LaunchScreen.storyboard in Resources */,
				A79ADBD71F605F1500B7AB6A /* Assets.xcassets in Resources */,
				A79ADBD21F605F1500B7AB6A /* Main.storyboard in Resources */,
			);
			runOnlyForDeploymentPostprocessing = 0;
		};
/* End PBXResourcesBuildPhase section */

/* Begin PBXSourcesBuildPhase section */
		A79ADBC51F605F1500B7AB6A /* Sources */ = {
			isa = PBXSourcesBuildPhase;
			buildActionMask = 2147483647;
			files = (
				A79ADBCF1F605F1500B7AB6A /* ViewController.swift in Sources */,
				A79ADBCD1F605F1500B7AB6A /* AppDelegate.swift in Sources */,
				A79ADBD51F605F1500B7AB6A /* XBourbon.xcdatamodeld in Sources */,
			);
			runOnlyForDeploymentPostprocessing = 0;
		};
/* End PBXSourcesBuildPhase section */

/* Begin PBXVariantGroup section */
		A79ADBD01F605F1500B7AB6A /* Main.storyboard */ = {
			isa = PBXVariantGroup;
			children = (
				A79ADBD11F605F1500B7AB6A /* Base */,
			);
			name = Main.storyboard;
			sourceTree = "<group>";
		};
		A79ADBD81F605F1500B7AB6A /* LaunchScreen.storyboard */ = {
			isa = PBXVariantGroup;
			children = (
				A79ADBD91F605F1500B7AB6A /* Base */,
			);
			name = LaunchScreen.storyboard;
			sourceTree = "<group>";
		};
/* End PBXVariantGroup section */

/* Begin XCBuildConfiguration section */
		A79ADBDC1F605F1500B7AB6A /* Debug */ = {
			isa = XCBuildConfiguration;
			buildSettings = {
				ALWAYS_SEARCH_USER_PATHS = NO;
				CLANG_ANALYZER_NONNULL = YES;
				CLANG_ANALYZER_NUMBER_OBJECT_CONVERSION = YES_AGGRESSIVE;
				CLANG_CXX_LANGUAGE_STANDARD = "gnu++0x";
				CLANG_CXX_LIBRARY = "libc++";
				CLANG_ENABLE_MODULES = YES;
				CLANG_ENABLE_OBJC_ARC = YES;
				CLANG_WARN_BOOL_CONVERSION = YES;
				CLANG_WARN_CONSTANT_CONVERSION = YES;
				CLANG_WARN_DIRECT_OBJC_ISA_USAGE = YES_ERROR;
				CLANG_WARN_DOCUMENTATION_COMMENTS = YES;
				CLANG_WARN_EMPTY_BODY = YES;
				CLANG_WARN_ENUM_CONVERSION = YES;
				CLANG_WARN_INFINITE_RECURSION = YES;
				CLANG_WARN_INT_CONVERSION = YES;
				CLANG_WARN_OBJC_ROOT_CLASS = YES_ERROR;
				CLANG_WARN_SUSPICIOUS_MOVE = YES;
				CLANG_WARN_UNREACHABLE_CODE = YES;
				CLANG_WARN__DUPLICATE_METHOD_MATCH = YES;
				"CODE_SIGN_IDENTITY[sdk=iphoneos*]" = "iPhone Developer";
				COPY_PHASE_STRIP = NO;
				DEBUG_INFORMATION_FORMAT = dwarf;
				ENABLE_STRICT_OBJC_MSGSEND = YES;
				ENABLE_TESTABILITY = YES;
				GCC_C_LANGUAGE_STANDARD = gnu99;
				GCC_DYNAMIC_NO_PIC = NO;
				GCC_NO_COMMON_BLOCKS = YES;
				GCC_OPTIMIZATION_LEVEL = 0;
				GCC_PREPROCESSOR_DEFINITIONS = (
					"DEBUG=1",
					"$(inherited)",
				);
				GCC_WARN_64_TO_32_BIT_CONVERSION = YES;
				GCC_WARN_ABOUT_RETURN_TYPE = YES_ERROR;
				GCC_WARN_UNDECLARED_SELECTOR = YES;
				GCC_WARN_UNINITIALIZED_AUTOS = YES_AGGRESSIVE;
				GCC_WARN_UNUSED_FUNCTION = YES;
				GCC_WARN_UNUSED_VARIABLE = YES;
				IPHONEOS_DEPLOYMENT_TARGET = 10.3;
				MTL_ENABLE_DEBUG_INFO = YES;
				ONLY_ACTIVE_ARCH = YES;
				SDKROOT = iphoneos;
				SWIFT_ACTIVE_COMPILATION_CONDITIONS = DEBUG;
				SWIFT_OPTIMIZATION_LEVEL = "-Onone";
			};
			name = Debug;
		};
		A79ADBDD1F605F1500B7AB6A /* Release */ = {
			isa = XCBuildConfiguration;
			buildSettings = {
				ALWAYS_SEARCH_USER_PATHS = NO;
				CLANG_ANALYZER_NONNULL = YES;
				CLANG_ANALYZER_NUMBER_OBJECT_CONVERSION = YES_AGGRESSIVE;
				CLANG_CXX_LANGUAGE_STANDARD = "gnu++0x";
				CLANG_CXX_LIBRARY = "libc++";
				CLANG_ENABLE_MODULES = YES;
				CLANG_ENABLE_OBJC_ARC = YES;
				CLANG_WARN_BOOL_CONVERSION = YES;
				CLANG_WARN_CONSTANT_CONVERSION = YES;
				CLANG_WARN_DIRECT_OBJC_ISA_USAGE = YES_ERROR;
				CLANG_WARN_DOCUMENTATION_COMMENTS = YES;
				CLANG_WARN_EMPTY_BODY = YES;
				CLANG_WARN_ENUM_CONVERSION = YES;
				CLANG_WARN_INFINITE_RECURSION = YES;
				CLANG_WARN_INT_CONVERSION = YES;
				CLANG_WARN_OBJC_ROOT_CLASS = YES_ERROR;
				CLANG_WARN_SUSPICIOUS_MOVE = YES;
				CLANG_WARN_UNREACHABLE_CODE = YES;
				CLANG_WARN__DUPLICATE_METHOD_MATCH = YES;
				"CODE_SIGN_IDENTITY[sdk=iphoneos*]" = "iPhone Developer";
				COPY_PHASE_STRIP = NO;
				DEBUG_INFORMATION_FORMAT = "dwarf-with-dsym";
				ENABLE_NS_ASSERTIONS = NO;
				ENABLE_STRICT_OBJC_MSGSEND = YES;
				GCC_C_LANGUAGE_STANDARD = gnu99;
				GCC_NO_COMMON_BLOCKS = YES;
				GCC_WARN_64_TO_32_BIT_CONVERSION = YES;
				GCC_WARN_ABOUT_RETURN_TYPE = YES_ERROR;
				GCC_WARN_UNDECLARED_SELECTOR = YES;
				GCC_WARN_UNINITIALIZED_AUTOS = YES_AGGRESSIVE;
				GCC_WARN_UNUSED_FUNCTION = YES;
				GCC_WARN_UNUSED_VARIABLE = YES;
				IPHONEOS_DEPLOYMENT_TARGET = 10.3;
				MTL_ENABLE_DEBUG_INFO = NO;
				SDKROOT = iphoneos;
				SWIFT_OPTIMIZATION_LEVEL = "-Owholemodule";
				VALIDATE_PRODUCT = YES;
			};
			name = Release;
		};
		A79ADBDF1F605F1500B7AB6A /* Debug */ = {
			isa = XCBuildConfiguration;
			buildSettings = {
				ASSETCATALOG_COMPILER_APPICON_NAME = AppIcon;
				DEVELOPMENT_TEAM = GDTG5SQZRN;
				INFOPLIST_FILE = XBourbon/Info.plist;
				LD_RUNPATH_SEARCH_PATHS = "$(inherited) @executable_path/Frameworks";
				PRODUCT_BUNDLE_IDENTIFIER = sz7218.XBourbon;
				PRODUCT_NAME = "$(TARGET_NAME)";
				SWIFT_VERSION = 3.0;
			};
			name = Debug;
		};
		A79ADBE01F605F1500B7AB6A /* Release */ = {
			isa = XCBuildConfiguration;
			buildSettings = {
				ASSETCATALOG_COMPILER_APPICON_NAME = AppIcon;
				DEVELOPMENT_TEAM = GDTG5SQZRN;
				INFOPLIST_FILE = XBourbon/Info.plist;
				LD_RUNPATH_SEARCH_PATHS = "$(inherited) @executable_path/Frameworks";
				PRODUCT_BUNDLE_IDENTIFIER = sz7218.XBourbon;
				PRODUCT_NAME = "$(TARGET_NAME)";
				SWIFT_VERSION = 3.0;
			};
			name = Release;
		};
/* End XCBuildConfiguration section */

/* Begin XCConfigurationList section */
		A79ADBC41F605F1500B7AB6A /* Build configuration list for PBXProject "XBourbon" */ = {
			isa = XCConfigurationList;
			buildConfigurations = (
				A79ADBDC1F605F1500B7AB6A /* Debug */,
				A79ADBDD1F605F1500B7AB6A /* Release */,
			);
			defaultConfigurationIsVisible = 0;
			defaultConfigurationName = Release;
		};
		A79ADBDE1F605F1500B7AB6A /* Build configuration list for PBXNativeTarget "XBourbon" */ = {
			isa = XCConfigurationList;
			buildConfigurations = (
				A79ADBDF1F605F1500B7AB6A /* Debug */,
				A79ADBE01F605F1500B7AB6A /* Release */,
			);
			defaultConfigurationIsVisible = 0;
		};
/* End XCConfigurationList section */

/* Begin XCVersionGroup section */
		A79ADBD31F605F1500B7AB6A /* XBourbon.xcdatamodeld */ = {
			isa = XCVersionGroup;
			children = (
				A79ADBD41F605F1500B7AB6A /* XBourbon.xcdatamodel */,
			);
			currentVersion = A79ADBD41F605F1500B7AB6A /* XBourbon.xcdatamodel */;
			path = XBourbon.xcdatamodeld;
			sourceTree = "<group>";
			versionGroupType = wrapper.xcdatamodel;
		};
/* End XCVersionGroup section */
	};
	rootObject = A79ADBC11F605F1500B7AB6A /* Project object */;
}
